# Generated by pub
# See https://dart.dev/tools/pub/glossary#lockfile
packages:
  _fe_analyzer_shared:
    dependency: transitive
    description:
      name: _fe_analyzer_shared
      url: "https://pub.dartlang.org"
    source: hosted
    version: "49.0.0"
  alfred:
    dependency: "direct main"
    description:
      path: "."
      ref: HEAD
      resolved-ref: "5d816dce9ff262fafd3c7840a4e3a545d41d0fb0"
      url: "https://github.com/redsolver/alfred.git"
    source: git
    version: "0.1.7"
  analyzer:
    dependency: transitive
    description:
      name: analyzer
      url: "https://pub.dartlang.org"
    source: hosted
    version: "5.1.0"
  angel3_range_header:
    dependency: transitive
    description:
      name: angel3_range_header
      url: "https://pub.dartlang.org"
    source: hosted
    version: "3.0.3"
  archive:
    dependency: transitive
    description:
      name: archive
      url: "https://pub.dartlang.org"
    source: hosted
    version: "3.3.2"
  args:
    dependency: transitive
    description:
      name: args
      url: "https://pub.dartlang.org"
    source: hosted
    version: "2.3.1"
  async:
    dependency: transitive
    description:
      name: async
      url: "https://pub.dartlang.org"
    source: hosted
    version: "2.9.0"
  base_codecs:
    dependency: "direct main"
    description:
      name: base_codecs
      url: "https://pub.dartlang.org"
    source: hosted
    version: "1.0.1"
  belatuk_range_header:
    dependency: "direct main"
    description:
      name: belatuk_range_header
      url: "https://pub.dartlang.org"
    source: hosted
    version: "5.0.0"
  boolean_selector:
    dependency: transitive
    description:
      name: boolean_selector
      url: "https://pub.dartlang.org"
    source: hosted
    version: "2.1.0"
  buffer:
    dependency: transitive
    description:
      name: buffer
      url: "https://pub.dartlang.org"
    source: hosted
    version: "1.1.1"
  build_cli_annotations:
    dependency: transitive
    description:
      name: build_cli_annotations
      url: "https://pub.dartlang.org"
    source: hosted
    version: "2.1.0"
  charcode:
    dependency: transitive
    description:
      name: charcode
      url: "https://pub.dartlang.org"
    source: hosted
    version: "1.3.1"
  cli_util:
    dependency: transitive
    description:
      name: cli_util
      url: "https://pub.dartlang.org"
    source: hosted
    version: "0.3.5"
  clock:
    dependency: transitive
    description:
      name: clock
      url: "https://pub.dartlang.org"
    source: hosted
    version: "1.1.1"
  collection:
    dependency: transitive
    description:
      name: collection
      url: "https://pub.dartlang.org"
    source: hosted
    version: "1.16.0"
  colorize:
    dependency: transitive
    description:
      name: colorize
      url: "https://pub.dartlang.org"
    source: hosted
    version: "3.0.0"
  convert:
    dependency: "direct main"
    description:
      name: convert
      url: "https://pub.dartlang.org"
    source: hosted
    version: "3.0.2"
  coverage:
    dependency: transitive
    description:
      name: coverage
      url: "https://pub.dartlang.org"
    source: hosted
    version: "1.6.1"
  crypto:
    dependency: transitive
    description:
      name: crypto
      url: "https://pub.dartlang.org"
    source: hosted
    version: "3.0.2"
  cryptography:
    dependency: "direct main"
    description:
      name: cryptography
      url: "https://pub.dartlang.org"
    source: hosted
    version: "2.0.5"
  enum_to_string:
    dependency: transitive
    description:
      name: enum_to_string
      url: "https://pub.dartlang.org"
    source: hosted
    version: "2.0.1"
  ffi:
    dependency: "direct main"
    description:
      name: ffi
      url: "https://pub.dartlang.org"
    source: hosted
    version: "2.0.1"
  ffigen:
    dependency: "direct dev"
    description:
      name: ffigen
      url: "https://pub.dartlang.org"
    source: hosted
    version: "7.2.4"
  file:
    dependency: transitive
    description:
      name: file
      url: "https://pub.dartlang.org"
    source: hosted
    version: "6.1.4"
  filesize:
    dependency: "direct main"
    description:
      path: "."
      ref: HEAD
      resolved-ref: ff1e357147ee57f8398270adf156b55c6143b352
      url: "https://github.com/redsolver/filesize.git"
    source: git
    version: "2.0.1"
  fixnum:
    dependency: transitive
    description:
      name: fixnum
      url: "https://pub.dartlang.org"
    source: hosted
    version: "1.0.1"
  flutter_rust_bridge:
    dependency: "direct main"
    description:
      name: flutter_rust_bridge
      url: "https://pub.dartlang.org"
    source: hosted
    version: "1.56.0"
  frontend_server_client:
    dependency: transitive
    description:
      name: frontend_server_client
      url: "https://pub.dartlang.org"
    source: hosted
    version: "3.0.0"
  glob:
    dependency: transitive
    description:
      name: glob
      url: "https://pub.dartlang.org"
    source: hosted
    version: "2.1.0"
  hive:
    dependency: "direct main"
    description:
      name: hive
      url: "https://pub.dartlang.org"
    source: hosted
    version: "2.2.3"
  http:
    dependency: "direct main"
    description:
      name: http
      url: "https://pub.dartlang.org"
    source: hosted
    version: "0.13.5"
  http_multi_server:
    dependency: transitive
    description:
      name: http_multi_server
      url: "https://pub.dartlang.org"
    source: hosted
    version: "3.2.1"
  http_parser:
    dependency: transitive
    description:
      name: http_parser
      url: "https://pub.dartlang.org"
    source: hosted
    version: "4.0.1"
  intl:
    dependency: transitive
    description:
      name: intl
      url: "https://pub.dartlang.org"
    source: hosted
    version: "0.17.0"
  io:
    dependency: transitive
    description:
      name: io
      url: "https://pub.dartlang.org"
    source: hosted
    version: "1.0.3"
  js:
    dependency: transitive
    description:
      name: js
      url: "https://pub.dartlang.org"
    source: hosted
    version: "0.6.4"
  lib5:
    dependency: "direct main"
    description:
      path: "."
      ref: HEAD
      resolved-ref: "7970b97fe7bc8f176836d85ec57c846ae8eb7d40"
      url: "https://github.com/s5-dev/lib5.git"
    source: git
    version: "0.1.0"
  lints:
    dependency: "direct dev"
    description:
      name: lints
      url: "https://pub.dartlang.org"
    source: hosted
    version: "2.0.0"
  logging:
    dependency: transitive
    description:
      name: logging
      url: "https://pub.dartlang.org"
    source: hosted
    version: "1.0.2"
  matcher:
    dependency: transitive
    description:
      name: matcher
      url: "https://pub.dartlang.org"
    source: hosted
    version: "0.12.12"
  messagepack:
    dependency: transitive
    description:
      path: "."
      ref: HEAD
      resolved-ref: "89910d0375f37077bc3cd949760a1a62a0d2ceb9"
      url: "https://github.com/redsolver/messagepack.git"
    source: git
    version: "0.2.0"
  meta:
    dependency: transitive
    description:
      name: meta
      url: "https://pub.dartlang.org"
    source: hosted
    version: "1.8.0"
  mime:
    dependency: "direct main"
    description:
      name: mime
      url: "https://pub.dartlang.org"
    source: hosted
    version: "1.0.2"
  mime_type:
    dependency: transitive
    description:
      name: mime_type
      url: "https://pub.dartlang.org"
    source: hosted
    version: "1.0.0"
  minio:
    dependency: "direct main"
    description:
      path: "."
      ref: HEAD
      resolved-ref: c0ddd199a4edabb0fa78d553a89b08944fc1c137
      url: "https://github.com/redsolver/minio-dart.git"
    source: git
    version: "3.5.0"
  node_preamble:
    dependency: transitive
    description:
      name: node_preamble
      url: "https://pub.dartlang.org"
    source: hosted
    version: "2.0.1"
  package_config:
    dependency: transitive
    description:
      name: package_config
      url: "https://pub.dartlang.org"
    source: hosted
    version: "2.1.0"
  path:
    dependency: "direct main"
    description:
      name: path
      url: "https://pub.dartlang.org"
    source: hosted
    version: "1.8.2"
  petitparser:
    dependency: transitive
    description:
      name: petitparser
      url: "https://pub.dartlang.org"
    source: hosted
    version: "5.0.0"
  pool:
    dependency: "direct main"
    description:
      name: pool
      url: "https://pub.dartlang.org"
    source: hosted
    version: "1.5.1"
  pub_semver:
    dependency: transitive
    description:
      name: pub_semver
      url: "https://pub.dartlang.org"
    source: hosted
    version: "2.1.1"
  puppeteer:
    dependency: transitive
    description:
      name: puppeteer
      url: "https://pub.dartlang.org"
    source: hosted
    version: "2.15.0"
  queue:
    dependency: transitive
    description:
      name: queue
      url: "https://pub.dartlang.org"
    source: hosted
    version: "3.1.0+1"
  quiver:
    dependency: transitive
    description:
      name: quiver
      url: "https://pub.dartlang.org"
    source: hosted
    version: "3.1.0"
  shelf:
    dependency: transitive
    description:
      name: shelf
      url: "https://pub.dartlang.org"
    source: hosted
    version: "1.4.0"
  shelf_packages_handler:
    dependency: transitive
    description:
      name: shelf_packages_handler
      url: "https://pub.dartlang.org"
    source: hosted
    version: "3.0.1"
  shelf_static:
    dependency: transitive
    description:
      name: shelf_static
      url: "https://pub.dartlang.org"
    source: hosted
    version: "1.1.1"
  shelf_web_socket:
    dependency: transitive
    description:
      name: shelf_web_socket
      url: "https://pub.dartlang.org"
    source: hosted
    version: "1.0.2"
  source_map_stack_trace:
    dependency: transitive
    description:
      name: source_map_stack_trace
      url: "https://pub.dartlang.org"
    source: hosted
    version: "2.1.0"
  source_maps:
    dependency: transitive
    description:
      name: source_maps
      url: "https://pub.dartlang.org"
    source: hosted
    version: "0.10.10"
  source_span:
    dependency: transitive
    description:
      name: source_span
      url: "https://pub.dartlang.org"
    source: hosted
    version: "1.9.1"
  sqflite_common:
    dependency: transitive
    description:
      name: sqflite_common
      url: "https://pub.dartlang.org"
    source: hosted
    version: "2.4.0+2"
  sqflite_common_ffi:
    dependency: "direct main"
    description:
      name: sqflite_common_ffi
      url: "https://pub.dartlang.org"
    source: hosted
    version: "2.2.0+1"
  sqlite3:
    dependency: transitive
    description:
      name: sqlite3
      url: "https://pub.dartlang.org"
    source: hosted
    version: "1.9.1"
  stack_trace:
    dependency: transitive
    description:
      name: stack_trace
      url: "https://pub.dartlang.org"
    source: hosted
    version: "1.10.0"
  stream_channel:
    dependency: transitive
    description:
      name: stream_channel
      url: "https://pub.dartlang.org"
    source: hosted
    version: "2.1.1"
  string_scanner:
    dependency: "direct main"
    description:
      name: string_scanner
      url: "https://pub.dartlang.org"
    source: hosted
    version: "1.1.1"
  synchronized:
    dependency: transitive
    description:
      name: synchronized
      url: "https://pub.dartlang.org"
    source: hosted
    version: "3.0.0+3"
  term_glyph:
    dependency: transitive
    description:
      name: term_glyph
      url: "https://pub.dartlang.org"
    source: hosted
    version: "1.2.1"
  test:
    dependency: "direct dev"
    description:
      name: test
      url: "https://pub.dartlang.org"
    source: hosted
    version: "1.21.6"
  test_api:
    dependency: transitive
    description:
      name: test_api
      url: "https://pub.dartlang.org"
    source: hosted
    version: "0.4.14"
  test_core:
    dependency: transitive
    description:
      name: test_core
      url: "https://pub.dartlang.org"
    source: hosted
    version: "0.4.18"
  tint:
    dependency: "direct main"
    description:
      name: tint
      url: "https://pub.dartlang.org"
    source: hosted
    version: "2.0.0"
  toml:
    dependency: "direct main"
    description:
      name: toml
      url: "https://pub.dartlang.org"
    source: hosted
    version: "0.13.1"
  tuple:
    dependency: transitive
    description:
      name: tuple
      url: "https://pub.dartlang.org"
    source: hosted
    version: "2.0.1"
  typed_data:
    dependency: transitive
    description:
      name: typed_data
      url: "https://pub.dartlang.org"
    source: hosted
    version: "1.3.1"
  uuid:
    dependency: transitive
    description:
      name: uuid
      url: "https://pub.dartlang.org"
    source: hosted
    version: "3.0.6"
  vm_service:
    dependency: transitive
    description:
      name: vm_service
      url: "https://pub.dartlang.org"
    source: hosted
    version: "9.4.0"
  watcher:
    dependency: transitive
    description:
      name: watcher
      url: "https://pub.dartlang.org"
    source: hosted
    version: "1.0.1"
  web_socket_channel:
    dependency: transitive
    description:
      name: web_socket_channel
      url: "https://pub.dartlang.org"
    source: hosted
    version: "2.2.0"
  webkit_inspection_protocol:
    dependency: transitive
    description:
      name: webkit_inspection_protocol
      url: "https://pub.dartlang.org"
    source: hosted
    version: "1.2.0"
  xml:
    dependency: transitive
    description:
      name: xml
      url: "https://pub.dartlang.org"
    source: hosted
    version: "5.4.1"
  yaml:
    dependency: transitive
    description:
      name: yaml
      url: "https://pub.dartlang.org"
    source: hosted
    version: "3.1.1"
  yaml_edit:
    dependency: transitive
    description:
      name: yaml_edit
      url: "https://pub.dartlang.org"
    source: hosted
    version: "2.0.3"
sdks:
  dart: ">=2.18.2 <3.0.0"
